<?xml version="1.0" encoding="utf-8"?>
<Project ToolsVersion="4.0" xmlns="http://schemas.microsoft.com/developer/msbuild/2003">
  <ItemGroup>
    <ClCompile Include="AI.cpp" />
    <ClCompile Include="AudioManager.cpp" />
    <ClCompile Include="bald.cpp" />
    <ClCompile Include="Camera.cpp" />
    <ClCompile Include="Character.cpp" />
    <ClCompile Include="DrawableObject.cpp" />
    <ClCompile Include="Error.cpp" />
    <ClCompile Include="EventManager.cpp" />
    <ClCompile Include="fileManager.cpp" />
    <ClCompile Include="GLSLProgram.cpp" />
    <ClCompile Include="Hud.cpp" />
    <ClCompile Include="ImageLoader.cpp" />
    <ClCompile Include="inputManager.cpp" />
    <ClCompile Include="maiden.cpp" />
    <ClCompile Include="main.cpp" />
    <ClCompile Include="MainGame.cpp" />
    <ClCompile Include="MovableObject.cpp" />
    <ClCompile Include="ninja.cpp" />
    <ClCompile Include="Observer.cpp" />
    <ClCompile Include="Physic.cpp" />
    <ClCompile Include="pico.cpp" />
    <ClCompile Include="Player.cpp" />
    <ClCompile Include="Pref.cpp" />
    <ClCompile Include="ResourceManager.cpp" />
    <ClCompile Include="samurai.cpp" />
    <ClCompile Include="Sprite.cpp" />
    <ClCompile Include="spriteBatch.cpp" />
    <ClCompile Include="Stage.cpp" />
    <ClCompile Include="stageBin.cpp" />
    <ClCompile Include="Subject.cpp" />
    <ClCompile Include="TextureCache.cpp" />
    <ClCompile Include="UnmovableObject.cpp" />
    <ClCompile Include="Powerup.cpp" />
    <ClCompile Include="SpriteFont.cpp" />
  </ItemGroup>
  <ItemGroup>
    <ClInclude Include="AI.h" />
    <ClInclude Include="AudioManager.h" />
    <ClInclude Include="bald.h" />
    <ClInclude Include="Camera.h" />
    <ClInclude Include="Character.h" />
    <ClInclude Include="DrawableObject.h" />
    <ClInclude Include="Error.h" />
    <ClInclude Include="Event.h" />
    <ClInclude Include="EventManager.h" />
    <ClInclude Include="fileManager.h" />
    <ClInclude Include="GLSLProgram.h" />
    <ClInclude Include="GLTexture.h" />
    <ClInclude Include="Hud.h" />
    <ClInclude Include="ImageLoader.h" />
    <ClInclude Include="inputManager.h" />
    <ClInclude Include="maiden.h" />
    <ClInclude Include="MainGame.h" />
    <ClInclude Include="MovableObject.h" />
    <ClInclude Include="ninja.h" />
    <ClInclude Include="Observer.h" />
    <ClInclude Include="Physic.h" />
    <ClInclude Include="pico.h" />
    <ClInclude Include="Player.h" />
    <ClInclude Include="Preferences.h" />
    <ClInclude Include="ResourceManager.h" />
    <ClInclude Include="samurai.h" />
    <ClInclude Include="Sprite.h" />
    <ClInclude Include="spriteBatch.h" />
    <ClInclude Include="Stage.h" />
    <ClInclude Include="stageBin.h" />
    <ClInclude Include="Subject.h" />
    <ClInclude Include="TextureCache.h" />
    <ClInclude Include="tile.h" />
    <ClInclude Include="UnmovableObject.h" />
    <ClInclude Include="Vertex.h" />
    <ClInclude Include="Powerup.h" />
    <ClInclude Include="SpriteFont.h" />
  </ItemGroup>
</Project>