<?xml version="1.0" encoding="utf-8"?>
<Project ToolsVersion="4.0" xmlns="http://schemas.microsoft.com/developer/msbuild/2003">
  <ItemGroup>
    <ClCompile Include="Camera.cpp">
      <Filter>CPP Files</Filter>
    </ClCompile>
    <ClCompile Include="Character.cpp">
      <Filter>CPP Files</Filter>
    </ClCompile>
    <ClCompile Include="InputListener.cpp">
      <Filter>CPP Files</Filter>
    </ClCompile>
    <ClCompile Include="InputManager.cpp">
      <Filter>CPP Files</Filter>
    </ClCompile>
    <ClCompile Include="log.cpp">
      <Filter>CPP Files</Filter>
    </ClCompile>
    <ClCompile Include="main.cpp">
      <Filter>CPP Files</Filter>
    </ClCompile>
    <ClCompile Include="MainGame.cpp">
      <Filter>CPP Files</Filter>
    </ClCompile>
    <ClCompile Include="Observer.cpp">
      <Filter>CPP Files</Filter>
    </ClCompile>
    <ClCompile Include="Player.cpp">
      <Filter>CPP Files</Filter>
    </ClCompile>
    <ClCompile Include="Pref.cpp">
      <Filter>CPP Files</Filter>
    </ClCompile>
    <ClCompile Include="Rectangle.cpp">
      <Filter>CPP Files</Filter>
    </ClCompile>
    <ClCompile Include="Stage.cpp">
      <Filter>CPP Files</Filter>
    </ClCompile>
    <ClCompile Include="Thing.cpp">
      <Filter>CPP Files</Filter>
    </ClCompile>
    <ClCompile Include="Triangle.cpp">
      <Filter>CPP Files</Filter>
    </ClCompile>
  </ItemGroup>
  <ItemGroup>
    <ClInclude Include="Camera.h">
      <Filter>Header Files</Filter>
    </ClInclude>
    <ClInclude Include="Character.h">
      <Filter>Header Files</Filter>
    </ClInclude>
    <ClInclude Include="Circle.h">
      <Filter>Header Files</Filter>
    </ClInclude>
    <ClInclude Include="InputListener.h">
      <Filter>Header Files</Filter>
    </ClInclude>
    <ClInclude Include="InputManager.h">
      <Filter>Header Files</Filter>
    </ClInclude>
    <ClInclude Include="log.h">
      <Filter>Header Files</Filter>
    </ClInclude>
    <ClInclude Include="MainGame.h">
      <Filter>Header Files</Filter>
    </ClInclude>
    <ClInclude Include="Observer.h">
      <Filter>Header Files</Filter>
    </ClInclude>
    <ClInclude Include="Player.h">
      <Filter>Header Files</Filter>
    </ClInclude>
    <ClInclude Include="Preferences.h">
      <Filter>Header Files</Filter>
    </ClInclude>
    <ClInclude Include="Rectangle.h">
      <Filter>Header Files</Filter>
    </ClInclude>
    <ClInclude Include="Stage.h">
      <Filter>Header Files</Filter>
    </ClInclude>
    <ClInclude Include="Thing.h">
      <Filter>Header Files</Filter>
    </ClInclude>
    <ClInclude Include="Triangle.h">
      <Filter>Header Files</Filter>
    </ClInclude>
  </ItemGroup>
  <ItemGroup>
    <Filter Include="CPP Files">
      <UniqueIdentifier>{c720b79b-bdfc-42d8-b27d-3b30b7ec087c}</UniqueIdentifier>
    </Filter>
    <Filter Include="Header Files">
      <UniqueIdentifier>{62cfbfa6-58ee-46bb-bc85-52ab0cccaf6b}</UniqueIdentifier>
    </Filter>
  </ItemGroup>
</Project>